// !$*UTF8*$!
{
	archiveVersion = 1;
	classes = {
	};
	objectVersion = 56;
	objects = {

/* Begin PBXBuildFile section */
		CB19C8F92A59512B0042E33A /* AppDelegate.swift in Sources */ = {isa = PBXBuildFile; fileRef = CB19C8F82A59512B0042E33A /* AppDelegate.swift */; };
		CB19C8FB2A59512B0042E33A /* SceneDelegate.swift in Sources */ = {isa = PBXBuildFile; fileRef = CB19C8FA2A59512B0042E33A /* SceneDelegate.swift */; };
		CB19C9022A59512C0042E33A /* Assets.xcassets in Resources */ = {isa = PBXBuildFile; fileRef = CB19C9012A59512C0042E33A /* Assets.xcassets */; };
		CB19C9052A59512C0042E33A /* LaunchScreen.storyboard in Resources */ = {isa = PBXBuildFile; fileRef = CB19C9032A59512C0042E33A /* LaunchScreen.storyboard */; };
		CB19C90E2A5952C60042E33A /* FileManagerService.swift in Sources */ = {isa = PBXBuildFile; fileRef = CB19C90D2A5952C60042E33A /* FileManagerService.swift */; };
		CB19C9122A59B5B20042E33A /* TableViewController.swift in Sources */ = {isa = PBXBuildFile; fileRef = CB19C9112A59B5B20042E33A /* TableViewController.swift */; };
		CB19C9142A5B08D80042E33A /* TextPicker.swift in Sources */ = {isa = PBXBuildFile; fileRef = CB19C9132A5B08D80042E33A /* TextPicker.swift */; };
		CB19C91B2A5D7C7F0042E33A /* LoginViewController.swift in Sources */ = {isa = PBXBuildFile; fileRef = CB19C91A2A5D7C7F0042E33A /* LoginViewController.swift */; };
		CB19C91E2A5D85190042E33A /* UserDefaultsViewController.swift in Sources */ = {isa = PBXBuildFile; fileRef = CB19C91D2A5D85190042E33A /* UserDefaultsViewController.swift */; };
		CB19C9202A5D8A640042E33A /* TabBarViewController.swift in Sources */ = {isa = PBXBuildFile; fileRef = CB19C91F2A5D8A640042E33A /* TabBarViewController.swift */; };
		CB19C9312A62DB4A0042E33A /* KeychainServiceProtocol.swift in Sources */ = {isa = PBXBuildFile; fileRef = CB19C9302A62DB4A0042E33A /* KeychainServiceProtocol.swift */; };
		CB19C9382A643CE20042E33A /* KeychainAccess in Frameworks */ = {isa = PBXBuildFile; productRef = CB19C9372A643CE20042E33A /* KeychainAccess */; };
		CB19C93A2A643D170042E33A /* KeychainService.swift in Sources */ = {isa = PBXBuildFile; fileRef = CB19C9392A643D160042E33A /* KeychainService.swift */; };
		CB19C93C2A6441310042E33A /* StateLoginPass.swift in Sources */ = {isa = PBXBuildFile; fileRef = CB19C93B2A6441310042E33A /* StateLoginPass.swift */; };
		CB19C93E2A6520210042E33A /* AlertKeyChain.swift in Sources */ = {isa = PBXBuildFile; fileRef = CB19C93D2A6520210042E33A /* AlertKeyChain.swift */; };
		CB19C9432A653C4F0042E33A /* CustomButton.swift in Sources */ = {isa = PBXBuildFile; fileRef = CB19C9422A653C4F0042E33A /* CustomButton.swift */; };
		CB19C9452A6565FA0042E33A /* ChangePass.swift in Sources */ = {isa = PBXBuildFile; fileRef = CB19C9442A6565FA0042E33A /* ChangePass.swift */; };
/* End PBXBuildFile section */

/* Begin PBXFileReference section */
		CB19C8F52A59512B0042E33A /* FileManager.app */ = {isa = PBXFileReference; explicitFileType = wrapper.application; includeInIndex = 0; path = FileManager.app; sourceTree = BUILT_PRODUCTS_DIR; };
		CB19C8F82A59512B0042E33A /* AppDelegate.swift */ = {isa = PBXFileReference; lastKnownFileType = sourcecode.swift; path = AppDelegate.swift; sourceTree = "<group>"; };
		CB19C8FA2A59512B0042E33A /* SceneDelegate.swift */ = {isa = PBXFileReference; lastKnownFileType = sourcecode.swift; path = SceneDelegate.swift; sourceTree = "<group>"; };
		CB19C9012A59512C0042E33A /* Assets.xcassets */ = {isa = PBXFileReference; lastKnownFileType = folder.assetcatalog; path = Assets.xcassets; sourceTree = "<group>"; };
		CB19C9042A59512C0042E33A /* Base */ = {isa = PBXFileReference; lastKnownFileType = file.storyboard; name = Base; path = Base.lproj/LaunchScreen.storyboard; sourceTree = "<group>"; };
		CB19C9062A59512C0042E33A /* Info.plist */ = {isa = PBXFileReference; lastKnownFileType = text.plist.xml; path = Info.plist; sourceTree = "<group>"; };
		CB19C90D2A5952C60042E33A /* FileManagerService.swift */ = {isa = PBXFileReference; lastKnownFileType = sourcecode.swift; path = FileManagerService.swift; sourceTree = "<group>"; };
		CB19C9112A59B5B20042E33A /* TableViewController.swift */ = {isa = PBXFileReference; lastKnownFileType = sourcecode.swift; path = TableViewController.swift; sourceTree = "<group>"; };
		CB19C9132A5B08D80042E33A /* TextPicker.swift */ = {isa = PBXFileReference; lastKnownFileType = sourcecode.swift; path = TextPicker.swift; sourceTree = "<group>"; };
		CB19C91A2A5D7C7F0042E33A /* LoginViewController.swift */ = {isa = PBXFileReference; lastKnownFileType = sourcecode.swift; path = LoginViewController.swift; sourceTree = "<group>"; };
		CB19C91D2A5D85190042E33A /* UserDefaultsViewController.swift */ = {isa = PBXFileReference; lastKnownFileType = sourcecode.swift; path = UserDefaultsViewController.swift; sourceTree = "<group>"; };
		CB19C91F2A5D8A640042E33A /* TabBarViewController.swift */ = {isa = PBXFileReference; lastKnownFileType = sourcecode.swift; path = TabBarViewController.swift; sourceTree = "<group>"; };
		CB19C9302A62DB4A0042E33A /* KeychainServiceProtocol.swift */ = {isa = PBXFileReference; lastKnownFileType = sourcecode.swift; path = KeychainServiceProtocol.swift; sourceTree = "<group>"; };
		CB19C9392A643D160042E33A /* KeychainService.swift */ = {isa = PBXFileReference; lastKnownFileType = sourcecode.swift; path = KeychainService.swift; sourceTree = "<group>"; };
		CB19C93B2A6441310042E33A /* StateLoginPass.swift */ = {isa = PBXFileReference; lastKnownFileType = sourcecode.swift; path = StateLoginPass.swift; sourceTree = "<group>"; };
		CB19C93D2A6520210042E33A /* AlertKeyChain.swift */ = {isa = PBXFileReference; lastKnownFileType = sourcecode.swift; path = AlertKeyChain.swift; sourceTree = "<group>"; };
		CB19C9422A653C4F0042E33A /* CustomButton.swift */ = {isa = PBXFileReference; lastKnownFileType = sourcecode.swift; path = CustomButton.swift; sourceTree = "<group>"; };
		CB19C9442A6565FA0042E33A /* ChangePass.swift */ = {isa = PBXFileReference; lastKnownFileType = sourcecode.swift; path = ChangePass.swift; sourceTree = "<group>"; };
/* End PBXFileReference section */

/* Begin PBXFrameworksBuildPhase section */
		CB19C8F22A59512B0042E33A /* Frameworks */ = {
			isa = PBXFrameworksBuildPhase;
			buildActionMask = 2147483647;
			files = (
				CB19C9382A643CE20042E33A /* KeychainAccess in Frameworks */,
			);
			runOnlyForDeploymentPostprocessing = 0;
		};
/* End PBXFrameworksBuildPhase section */

/* Begin PBXGroup section */
		CB19C8EC2A59512B0042E33A = {
			isa = PBXGroup;
			children = (
				CB19C8F72A59512B0042E33A /* FileManager */,
				CB19C8F62A59512B0042E33A /* Products */,
			);
			sourceTree = "<group>";
		};
		CB19C8F62A59512B0042E33A /* Products */ = {
			isa = PBXGroup;
			children = (
				CB19C8F52A59512B0042E33A /* FileManager.app */,
			);
			name = Products;
			sourceTree = "<group>";
		};
		CB19C8F72A59512B0042E33A /* FileManager */ = {
			isa = PBXGroup;
			children = (
				CB19C9412A653C2F0042E33A /* Custom */,
				CB19C92F2A62DB2D0042E33A /* KeyChain */,
				CB19C91C2A5D84330042E33A /* UserDefaults */,
				CB19C9192A5D7C630042E33A /* Login */,
				CB19C90C2A5952A70042E33A /* FileDocuments */,
				CB19C8F82A59512B0042E33A /* AppDelegate.swift */,
				CB19C8FA2A59512B0042E33A /* SceneDelegate.swift */,
				CB19C91F2A5D8A640042E33A /* TabBarViewController.swift */,
				CB19C9012A59512C0042E33A /* Assets.xcassets */,
				CB19C9032A59512C0042E33A /* LaunchScreen.storyboard */,
				CB19C9062A59512C0042E33A /* Info.plist */,
			);
			path = FileManager;
			sourceTree = "<group>";
		};
		CB19C90C2A5952A70042E33A /* FileDocuments */ = {
			isa = PBXGroup;
			children = (
				CB19C90D2A5952C60042E33A /* FileManagerService.swift */,
				CB19C9112A59B5B20042E33A /* TableViewController.swift */,
				CB19C9132A5B08D80042E33A /* TextPicker.swift */,
			);
			path = FileDocuments;
			sourceTree = "<group>";
		};
		CB19C9192A5D7C630042E33A /* Login */ = {
			isa = PBXGroup;
			children = (
				CB19C91A2A5D7C7F0042E33A /* LoginViewController.swift */,
			);
			path = Login;
			sourceTree = "<group>";
		};
		CB19C91C2A5D84330042E33A /* UserDefaults */ = {
			isa = PBXGroup;
			children = (
				CB19C91D2A5D85190042E33A /* UserDefaultsViewController.swift */,
			);
			path = UserDefaults;
			sourceTree = "<group>";
		};
		CB19C92F2A62DB2D0042E33A /* KeyChain */ = {
			isa = PBXGroup;
			children = (
				CB19C9302A62DB4A0042E33A /* KeychainServiceProtocol.swift */,
				CB19C9392A643D160042E33A /* KeychainService.swift */,
				CB19C93B2A6441310042E33A /* StateLoginPass.swift */,
				CB19C93D2A6520210042E33A /* AlertKeyChain.swift */,
				CB19C9442A6565FA0042E33A /* ChangePass.swift */,
			);
			path = KeyChain;
			sourceTree = "<group>";
		};
		CB19C9412A653C2F0042E33A /* Custom */ = {
			isa = PBXGroup;
			children = (
				CB19C9422A653C4F0042E33A /* CustomButton.swift */,
			);
			path = Custom;
			sourceTree = "<group>";
		};
/* End PBXGroup section */

/* Begin PBXNativeTarget section */
		CB19C8F42A59512B0042E33A /* FileManager */ = {
			isa = PBXNativeTarget;
			buildConfigurationList = CB19C9092A59512C0042E33A /* Build configuration list for PBXNativeTarget "FileManager" */;
			buildPhases = (
				CB19C8F12A59512B0042E33A /* Sources */,
				CB19C8F22A59512B0042E33A /* Frameworks */,
				CB19C8F32A59512B0042E33A /* Resources */,
			);
			buildRules = (
			);
			dependencies = (
			);
			name = FileManager;
			packageProductDependencies = (
				CB19C9372A643CE20042E33A /* KeychainAccess */,
			);
			productName = FileManager;
			productReference = CB19C8F52A59512B0042E33A /* FileManager.app */;
			productType = "com.apple.product-type.application";
		};
/* End PBXNativeTarget section */

/* Begin PBXProject section */
		CB19C8ED2A59512B0042E33A /* Project object */ = {
			isa = PBXProject;
			attributes = {
				BuildIndependentTargetsInParallel = 1;
				LastSwiftUpdateCheck = 1420;
				LastUpgradeCheck = 1420;
				TargetAttributes = {
					CB19C8F42A59512B0042E33A = {
						CreatedOnToolsVersion = 14.2;
					};
				};
			};
			buildConfigurationList = CB19C8F02A59512B0042E33A /* Build configuration list for PBXProject "FileManager" */;
			compatibilityVersion = "Xcode 14.0";
			developmentRegion = en;
			hasScannedForEncodings = 0;
			knownRegions = (
				en,
				Base,
			);
			mainGroup = CB19C8EC2A59512B0042E33A;
			packageReferences = (
				CB19C9362A643CE20042E33A /* XCRemoteSwiftPackageReference "KeychainAccess" */,
			);
			productRefGroup = CB19C8F62A59512B0042E33A /* Products */;
			projectDirPath = "";
			projectRoot = "";
			targets = (
				CB19C8F42A59512B0042E33A /* FileManager */,
			);
		};
/* End PBXProject section */

/* Begin PBXResourcesBuildPhase section */
		CB19C8F32A59512B0042E33A /* Resources */ = {
			isa = PBXResourcesBuildPhase;
			buildActionMask = 2147483647;
			files = (
				CB19C9052A59512C0042E33A /* LaunchScreen.storyboard in Resources */,
				CB19C9022A59512C0042E33A /* Assets.xcassets in Resources */,
			);
			runOnlyForDeploymentPostprocessing = 0;
		};
/* End PBXResourcesBuildPhase section */

/* Begin PBXSourcesBuildPhase section */
		CB19C8F12A59512B0042E33A /* Sources */ = {
			isa = PBXSourcesBuildPhase;
			buildActionMask = 2147483647;
			files = (
				CB19C9432A653C4F0042E33A /* CustomButton.swift in Sources */,
				CB19C9202A5D8A640042E33A /* TabBarViewController.swift in Sources */,
				CB19C91B2A5D7C7F0042E33A /* LoginViewController.swift in Sources */,
				CB19C9142A5B08D80042E33A /* TextPicker.swift in Sources */,
				CB19C9452A6565FA0042E33A /* ChangePass.swift in Sources */,
				CB19C93A2A643D170042E33A /* KeychainService.swift in Sources */,
				CB19C91E2A5D85190042E33A /* UserDefaultsViewController.swift in Sources */,
				CB19C8F92A59512B0042E33A /* AppDelegate.swift in Sources */,
				CB19C9312A62DB4A0042E33A /* KeychainServiceProtocol.swift in Sources */,
				CB19C8FB2A59512B0042E33A /* SceneDelegate.swift in Sources */,
				CB19C93C2A6441310042E33A /* StateLoginPass.swift in Sources */,
				CB19C9122A59B5B20042E33A /* TableViewController.swift in Sources */,
				CB19C93E2A6520210042E33A /* AlertKeyChain.swift in Sources */,
				CB19C90E2A5952C60042E33A /* FileManagerService.swift in Sources */,
			);
			runOnlyForDeploymentPostprocessing = 0;
		};
/* End PBXSourcesBuildPhase section */

/* Begin PBXVariantGroup section */
		CB19C9032A59512C0042E33A /* LaunchScreen.storyboard */ = {
			isa = PBXVariantGroup;
			children = (
				CB19C9042A59512C0042E33A /* Base */,
			);
			name = LaunchScreen.storyboard;
			sourceTree = "<group>";
		};
/* End PBXVariantGroup section */

/* Begin XCBuildConfiguration section */
		CB19C9072A59512C0042E33A /* Debug */ = {
			isa = XCBuildConfiguration;
			buildSettings = {
				ALWAYS_SEARCH_USER_PATHS = NO;
				CLANG_ANALYZER_NONNULL = YES;
				CLANG_ANALYZER_NUMBER_OBJECT_CONVERSION = YES_AGGRESSIVE;
				CLANG_CXX_LANGUAGE_STANDARD = "gnu++20";
				CLANG_ENABLE_MODULES = YES;
				CLANG_ENABLE_OBJC_ARC = YES;
				CLANG_ENABLE_OBJC_WEAK = YES;
				CLANG_WARN_BLOCK_CAPTURE_AUTORELEASING = YES;
				CLANG_WARN_BOOL_CONVERSION = YES;
				CLANG_WARN_COMMA = YES;
				CLANG_WARN_CONSTANT_CONVERSION = YES;
				CLANG_WARN_DEPRECATED_OBJC_IMPLEMENTATIONS = YES;
				CLANG_WARN_DIRECT_OBJC_ISA_USAGE = YES_ERROR;
				CLANG_WARN_DOCUMENTATION_COMMENTS = YES;
				CLANG_WARN_EMPTY_BODY = YES;
				CLANG_WARN_ENUM_CONVERSION = YES;
				CLANG_WARN_INFINITE_RECURSION = YES;
				CLANG_WARN_INT_CONVERSION = YES;
				CLANG_WARN_NON_LITERAL_NULL_CONVERSION = YES;
				CLANG_WARN_OBJC_IMPLICIT_RETAIN_SELF = YES;
				CLANG_WARN_OBJC_LITERAL_CONVERSION = YES;
				CLANG_WARN_OBJC_ROOT_CLASS = YES_ERROR;
				CLANG_WARN_QUOTED_INCLUDE_IN_FRAMEWORK_HEADER = YES;
				CLANG_WARN_RANGE_LOOP_ANALYSIS = YES;
				CLANG_WARN_STRICT_PROTOTYPES = YES;
				CLANG_WARN_SUSPICIOUS_MOVE = YES;
				CLANG_WARN_UNGUARDED_AVAILABILITY = YES_AGGRESSIVE;
				CLANG_WARN_UNREACHABLE_CODE = YES;
				CLANG_WARN__DUPLICATE_METHOD_MATCH = YES;
				COPY_PHASE_STRIP = NO;
				DEBUG_INFORMATION_FORMAT = dwarf;
				ENABLE_STRICT_OBJC_MSGSEND = YES;
				ENABLE_TESTABILITY = YES;
				GCC_C_LANGUAGE_STANDARD = gnu11;
				GCC_DYNAMIC_NO_PIC = NO;
				GCC_NO_COMMON_BLOCKS = YES;
				GCC_OPTIMIZATION_LEVEL = 0;
				GCC_PREPROCESSOR_DEFINITIONS = (
					"DEBUG=1",
					"$(inherited)",
				);
				GCC_WARN_64_TO_32_BIT_CONVERSION = YES;
				GCC_WARN_ABOUT_RETURN_TYPE = YES_ERROR;
				GCC_WARN_UNDECLARED_SELECTOR = YES;
				GCC_WARN_UNINITIALIZED_AUTOS = YES_AGGRESSIVE;
				GCC_WARN_UNUSED_FUNCTION = YES;
				GCC_WARN_UNUSED_VARIABLE = YES;
				IPHONEOS_DEPLOYMENT_TARGET = 16.0;
				MTL_ENABLE_DEBUG_INFO = INCLUDE_SOURCE;
				MTL_FAST_MATH = YES;
				ONLY_ACTIVE_ARCH = YES;
				SDKROOT = iphoneos;
				SWIFT_ACTIVE_COMPILATION_CONDITIONS = DEBUG;
				SWIFT_OPTIMIZATION_LEVEL = "-Onone";
			};
			name = Debug;
		};
		CB19C9082A59512C0042E33A /* Release */ = {
			isa = XCBuildConfiguration;
			buildSettings = {
				ALWAYS_SEARCH_USER_PATHS = NO;
				CLANG_ANALYZER_NONNULL = YES;
				CLANG_ANALYZER_NUMBER_OBJECT_CONVERSION = YES_AGGRESSIVE;
				CLANG_CXX_LANGUAGE_STANDARD = "gnu++20";
				CLANG_ENABLE_MODULES = YES;
				CLANG_ENABLE_OBJC_ARC = YES;
				CLANG_ENABLE_OBJC_WEAK = YES;
				CLANG_WARN_BLOCK_CAPTURE_AUTORELEASING = YES;
				CLANG_WARN_BOOL_CONVERSION = YES;
				CLANG_WARN_COMMA = YES;
				CLANG_WARN_CONSTANT_CONVERSION = YES;
				CLANG_WARN_DEPRECATED_OBJC_IMPLEMENTATIONS = YES;
				CLANG_WARN_DIRECT_OBJC_ISA_USAGE = YES_ERROR;
				CLANG_WARN_DOCUMENTATION_COMMENTS = YES;
				CLANG_WARN_EMPTY_BODY = YES;
				CLANG_WARN_ENUM_CONVERSION = YES;
				CLANG_WARN_INFINITE_RECURSION = YES;
				CLANG_WARN_INT_CONVERSION = YES;
				CLANG_WARN_NON_LITERAL_NULL_CONVERSION = YES;
				CLANG_WARN_OBJC_IMPLICIT_RETAIN_SELF = YES;
				CLANG_WARN_OBJC_LITERAL_CONVERSION = YES;
				CLANG_WARN_OBJC_ROOT_CLASS = YES_ERROR;
				CLANG_WARN_QUOTED_INCLUDE_IN_FRAMEWORK_HEADER = YES;
				CLANG_WARN_RANGE_LOOP_ANALYSIS = YES;
				CLANG_WARN_STRICT_PROTOTYPES = YES;
				CLANG_WARN_SUSPICIOUS_MOVE = YES;
				CLANG_WARN_UNGUARDED_AVAILABILITY = YES_AGGRESSIVE;
				CLANG_WARN_UNREACHABLE_CODE = YES;
				CLANG_WARN__DUPLICATE_METHOD_MATCH = YES;
				COPY_PHASE_STRIP = NO;
				DEBUG_INFORMATION_FORMAT = "dwarf-with-dsym";
				ENABLE_NS_ASSERTIONS = NO;
				ENABLE_STRICT_OBJC_MSGSEND = YES;
				GCC_C_LANGUAGE_STANDARD = gnu11;
				GCC_NO_COMMON_BLOCKS = YES;
				GCC_WARN_64_TO_32_BIT_CONVERSION = YES;
				GCC_WARN_ABOUT_RETURN_TYPE = YES_ERROR;
				GCC_WARN_UNDECLARED_SELECTOR = YES;
				GCC_WARN_UNINITIALIZED_AUTOS = YES_AGGRESSIVE;
				GCC_WARN_UNUSED_FUNCTION = YES;
				GCC_WARN_UNUSED_VARIABLE = YES;
				IPHONEOS_DEPLOYMENT_TARGET = 16.0;
				MTL_ENABLE_DEBUG_INFO = NO;
				MTL_FAST_MATH = YES;
				SDKROOT = iphoneos;
				SWIFT_COMPILATION_MODE = wholemodule;
				SWIFT_OPTIMIZATION_LEVEL = "-O";
				VALIDATE_PRODUCT = YES;
			};
			name = Release;
		};
		CB19C90A2A59512C0042E33A /* Debug */ = {
			isa = XCBuildConfiguration;
			buildSettings = {
				ASSETCATALOG_COMPILER_APPICON_NAME = AppIcon;
				ASSETCATALOG_COMPILER_GLOBAL_ACCENT_COLOR_NAME = AccentColor;
				CODE_SIGN_STYLE = Automatic;
				CURRENT_PROJECT_VERSION = 1;
				GENERATE_INFOPLIST_FILE = YES;
				INFOPLIST_FILE = FileManager/Info.plist;
				INFOPLIST_KEY_UIApplicationSupportsIndirectInputEvents = YES;
				INFOPLIST_KEY_UILaunchStoryboardName = LaunchScreen;
				INFOPLIST_KEY_UISupportedInterfaceOrientations_iPad = "UIInterfaceOrientationPortrait UIInterfaceOrientationPortraitUpsideDown UIInterfaceOrientationLandscapeLeft UIInterfaceOrientationLandscapeRight";
				INFOPLIST_KEY_UISupportedInterfaceOrientations_iPhone = "UIInterfaceOrientationPortrait UIInterfaceOrientationLandscapeLeft UIInterfaceOrientationLandscapeRight";
				LD_RUNPATH_SEARCH_PATHS = (
					"$(inherited)",
					"@executable_path/Frameworks",
				);
				MARKETING_VERSION = 1.0;
				PRODUCT_BUNDLE_IDENTIFIER = com.FileManager;
				PRODUCT_NAME = "$(TARGET_NAME)";
				SWIFT_EMIT_LOC_STRINGS = YES;
				SWIFT_VERSION = 5.0;
				TARGETED_DEVICE_FAMILY = "1,2";
			};
			name = Debug;
		};
		CB19C90B2A59512C0042E33A /* Release */ = {
			isa = XCBuildConfiguration;
			buildSettings = {
				ASSETCATALOG_COMPILER_APPICON_NAME = AppIcon;
				ASSETCATALOG_COMPILER_GLOBAL_ACCENT_COLOR_NAME = AccentColor;
				CODE_SIGN_STYLE = Automatic;
				CURRENT_PROJECT_VERSION = 1;
				GENERATE_INFOPLIST_FILE = YES;
				INFOPLIST_FILE = FileManager/Info.plist;
				INFOPLIST_KEY_UIApplicationSupportsIndirectInputEvents = YES;
				INFOPLIST_KEY_UILaunchStoryboardName = LaunchScreen;
				INFOPLIST_KEY_UISupportedInterfaceOrientations_iPad = "UIInterfaceOrientationPortrait UIInterfaceOrientationPortraitUpsideDown UIInterfaceOrientationLandscapeLeft UIInterfaceOrientationLandscapeRight";
				INFOPLIST_KEY_UISupportedInterfaceOrientations_iPhone = "UIInterfaceOrientationPortrait UIInterfaceOrientationLandscapeLeft UIInterfaceOrientationLandscapeRight";
				LD_RUNPATH_SEARCH_PATHS = (
					"$(inherited)",
					"@executable_path/Frameworks",
				);
				MARKETING_VERSION = 1.0;
				PRODUCT_BUNDLE_IDENTIFIER = com.FileManager;
				PRODUCT_NAME = "$(TARGET_NAME)";
				SWIFT_EMIT_LOC_STRINGS = YES;
				SWIFT_VERSION = 5.0;
				TARGETED_DEVICE_FAMILY = "1,2";
			};
			name = Release;
		};
/* End XCBuildConfiguration section */

/* Begin XCConfigurationList section */
		CB19C8F02A59512B0042E33A /* Build configuration list for PBXProject "FileManager" */ = {
			isa = XCConfigurationList;
			buildConfigurations = (
				CB19C9072A59512C0042E33A /* Debug */,
				CB19C9082A59512C0042E33A /* Release */,
			);
			defaultConfigurationIsVisible = 0;
			defaultConfigurationName = Release;
		};
		CB19C9092A59512C0042E33A /* Build configuration list for PBXNativeTarget "FileManager" */ = {
			isa = XCConfigurationList;
			buildConfigurations = (
				CB19C90A2A59512C0042E33A /* Debug */,
				CB19C90B2A59512C0042E33A /* Release */,
			);
			defaultConfigurationIsVisible = 0;
			defaultConfigurationName = Release;
		};
/* End XCConfigurationList section */

/* Begin XCRemoteSwiftPackageReference section */
		CB19C9362A643CE20042E33A /* XCRemoteSwiftPackageReference "KeychainAccess" */ = {
			isa = XCRemoteSwiftPackageReference;
			repositoryURL = "https://github.com/kishikawakatsumi/KeychainAccess";
			requirement = {
				branch = master;
				kind = branch;
			};
		};
/* End XCRemoteSwiftPackageReference section */

/* Begin XCSwiftPackageProductDependency section */
		CB19C9372A643CE20042E33A /* KeychainAccess */ = {
			isa = XCSwiftPackageProductDependency;
			package = CB19C9362A643CE20042E33A /* XCRemoteSwiftPackageReference "KeychainAccess" */;
			productName = KeychainAccess;
		};
/* End XCSwiftPackageProductDependency section */
	};
	rootObject = CB19C8ED2A59512B0042E33A /* Project object */;
}
